
Microsoft Visual Studio Solution File, Format Version 12.00
# Visual Studio 15
VisualStudioVersion = 15.0.26403.3
MinimumVisualStudioVersion = 10.0.40219.1
Project("{FAE04EC0-301F-11D3-BF4B-00C04F79EFBC}") = "WebMVCDemoApplication", "WebMVCDemoApplication\WebMVCDemoApplication.csproj", "{C9C8CBA0-10CA-45AD-BCEC-32330B80BF80}"
EndProject
Global
	GlobalSection(SolutionConfigurationPlatforms) = preSolution
		Debug|Any CPU = Debug|Any CPU
		Release|Any CPU = Release|Any CPU
	EndGlobalSection
	GlobalSection(ProjectConfigurationPlatforms) = postSolution
		{C9C8CBA0-10CA-45AD-BCEC-32330B80BF80}.Debug|Any CPU.ActiveCfg = Debug|Any CPU
		{C9C8CBA0-10CA-45AD-BCEC-32330B80BF80}.Debug|Any CPU.Build.0 = Debug|Any CPU
		{C9C8CBA0-10CA-45AD-BCEC-32330B80BF80}.Release|Any CPU.ActiveCfg = Release|Any CPU
		{C9C8CBA0-10CA-45AD-BCEC-32330B80BF80}.Release|Any CPU.Build.0 = Release|Any CPU
	EndGlobalSection
	GlobalSection(SolutionProperties) = preSolution
		HideSolutionNode = FALSE
	EndGlobalSection
EndGlobal
